Microsoft Visual Studio Solution File, Format Version 12.00
# Visual Studio Version 17
VisualStudioVersion = 17.5.2.0
MinimumVisualStudioVersion = 10.0.40219.1
Project("{FAE04EC0-301F-11D3-BF4B-00C04F79EFBC}") = "CadeRBackendAllForOne", "CadeRBackendAllForOne.csproj", "{F5D42271-C6B4-90EF-1916-C5564DB57DBA}"
EndProject
Global
	GlobalSection(SolutionConfigurationPlatforms) = preSolution
		Debug|Any CPU = Debug|Any CPU
		Release|Any CPU = Release|Any CPU
	EndGlobalSection
	GlobalSection(ProjectConfigurationPlatforms) = postSolution
		{F5D42271-C6B4-90EF-1916-C5564DB57DBA}.Debug|Any CPU.ActiveCfg = Debug|Any CPU
		{F5D42271-C6B4-90EF-1916-C5564DB57DBA}.Debug|Any CPU.Build.0 = Debug|Any CPU
		{F5D42271-C6B4-90EF-1916-C5564DB57DBA}.Release|Any CPU.ActiveCfg = Release|Any CPU
		{F5D42271-C6B4-90EF-1916-C5564DB57DBA}.Release|Any CPU.Build.0 = Release|Any CPU
	EndGlobalSection
	GlobalSection(SolutionProperties) = preSolution
		HideSolutionNode = FALSE
	EndGlobalSection
	GlobalSection(ExtensibilityGlobals) = postSolution
		SolutionGuid = {91FC3A59-8F19-4E54-922F-AC72C43A84F9}
	EndGlobalSection
EndGlobal
